{
    "_readme": [
        "This file locks the dependencies of your project to a known state",
        "Read more about it at https://getcomposer.org/doc/01-basic-usage.md#composer-lock-the-lock-file",
        "This file is @generated automatically"
    ],
    "hash": "bab7ee125042040a05e40d2688419417",
    "content-hash": "d47154a160083190d8422a7275cc8fde",
    "packages": [
        {
            "name": "sphido/events",
            "version": "v0.3.0",
            "source": {
                "type": "git",
                "url": "https://github.com/sphido/events.git",
                "reference": "b69d246ddead0896bf8d8e938280ad3743524a71"
            },
            "dist": {
                "type": "zip",
                "url": "https://api.github.com/repos/sphido/events/zipball/b69d246ddead0896bf8d8e938280ad3743524a71",
                "reference": "b69d246ddead0896bf8d8e938280ad3743524a71",
                "shasum": ""
            },
            "require": {
                "php": ">=5.5.6"
            },
            "require-dev": {
                "nette/tester": "*"
            },
            "type": "library",
            "autoload": {
                "files": [
                    "src/events.php"
                ]
            },
            "notification-url": "https://packagist.org/downloads/",
            "license": [
                "BSD-3-Clause"
            ],
            "authors": [
                {
                    "name": "Roman Ožana",
                    "email": "ozana@omdesign.cz",
                    "homepage": "http://www.omdesign.cz"
                }
            ],
            "description": "Super simple event dispatching library for PHP",
            "homepage": "http://www.sphido.org",
            "keywords": [
                "Simple",
                "event",
                "filter",
                "handle",
                "trigger"
            ],
            "time": "2016-04-29 09:52:35"
        },
        {
            "name": "twig/twig",
            "version": "1.x-dev",
            "source": {
                "type": "git",
                "url": "https://github.com/twigphp/Twig.git",
                "reference": "8ad862b98e8c0ea509a04242c454c97e1265bd9a"
            },
            "dist": {
                "type": "zip",
                "url": "https://api.github.com/repos/twigphp/Twig/zipball/8ad862b98e8c0ea509a04242c454c97e1265bd9a",
                "reference": "8ad862b98e8c0ea509a04242c454c97e1265bd9a",
                "shasum": ""
            },
            "require": {
                "php": ">=5.2.7"
            },
            "require-dev": {
                "symfony/debug": "~2.7",
                "symfony/phpunit-bridge": "~3.2@dev"
            },
            "type": "library",
            "extra": {
                "branch-alias": {
                    "dev-master": "1.29-dev"
                }
            },
            "autoload": {
                "psr-0": {
                    "Twig_": "lib/"
                }
            },
            "notification-url": "https://packagist.org/downloads/",
            "license": [
                "BSD-3-Clause"
            ],
            "authors": [
                {
                    "name": "Fabien Potencier",
                    "email": "fabien@symfony.com",
                    "homepage": "http://fabien.potencier.org",
                    "role": "Lead Developer"
                },
                {
                    "name": "Armin Ronacher",
                    "email": "armin.ronacher@active-4.com",
                    "role": "Project Founder"
                },
                {
                    "name": "Twig Team",
                    "homepage": "http://twig.sensiolabs.org/contributors",
                    "role": "Contributors"
                }
            ],
            "description": "Twig, the flexible, fast, and secure template language for PHP",
            "homepage": "http://twig.sensiolabs.org",
            "keywords": [
                "templating"
            ],
            "time": "2016-12-05 09:20:45"
        },
        {
            "name": "vphantom/pyritephp-core",
            "version": "v0.9.2",
            "source": {
                "type": "git",
                "url": "https://github.com/vphantom/pyritephp-core.git",
                "reference": "c4426e48baecaad5e286a42b0c06e2c722dd1910"
            },
            "dist": {
                "type": "zip",
                "url": "https://api.github.com/repos/vphantom/pyritephp-core/zipball/c4426e48baecaad5e286a42b0c06e2c722dd1910",
                "reference": "c4426e48baecaad5e286a42b0c06e2c722dd1910",
                "shasum": ""
            },
            "require": {
                "ext-mcrypt": "*",
                "ext-pdo_sqlite": "*",
                "ext-readline": "*",
                "ext-session": "*",
                "php": "~5.5",
                "sphido/events": "^0.3.0",
                "twig/twig": "~1.0"
            },
            "type": "library",
            "autoload": {
                "psr-4": {
                    "Pyrite\\": "src/Pyrite"
                },
                "files": [
                    "src/globals.php"
                ]
            },
            "notification-url": "https://packagist.org/downloads/",
            "license": [
                "MIT"
            ],
            "authors": [
                {
                    "name": "Stéphane Lavergne",
                    "email": "lis@imars.com"
                }
            ],
            "description": "PyritePHP Core",
            "time": "2016-12-06 12:10:32"
        }
    ],
    "packages-dev": [],
    "aliases": [],
    "minimum-stability": "dev",
    "stability-flags": [],
    "prefer-stable": false,
    "prefer-lowest": false,
    "platform": {
        "php": ">=5.5",
        "ext-fileinfo": "*",
        "ext-mcrypt": "*",
        "ext-pcre": "*",
        "ext-pdo_sqlite": "*",
        "ext-readline": "*"
    },
    "platform-dev": []
}
