{
    "_readme": [
        "This file locks the dependencies of your project to a known state",
        "Read more about it at https://getcomposer.org/doc/01-basic-usage.md#composer-lock-the-lock-file",
        "This file is @generated automatically"
    ],
    "content-hash": "73785a9e6557db88bc26aa2ec6018122",
    "packages": [
        {
            "name": "gettext/gettext",
            "version": "v4.2.0",
            "source": {
                "type": "git",
                "url": "https://github.com/oscarotero/Gettext.git",
                "reference": "8da2f94538a2250275bb86b431c51e31e256e1e1"
            },
            "dist": {
                "type": "zip",
                "url": "https://api.github.com/repos/oscarotero/Gettext/zipball/8da2f94538a2250275bb86b431c51e31e256e1e1",
                "reference": "8da2f94538a2250275bb86b431c51e31e256e1e1",
                "shasum": ""
            },
            "require": {
                "gettext/languages": "2.*",
                "php": ">=5.4.0"
            },
            "require-dev": {
                "illuminate/view": "*",
                "symfony/yaml": "~2",
                "twig/extensions": "*",
                "twig/twig": "^1.31"
            },
            "suggest": {
                "illuminate/view": "Is necessary if you want to use the Blade extractor",
                "symfony/yaml": "Is necessary if you want to use the Yaml extractor/generator",
                "twig/extensions": "Is necessary if you want to use the Twig extractor",
                "twig/twig": "Is necessary if you want to use the Twig extractor"
            },
            "type": "library",
            "autoload": {
                "psr-4": {
                    "Gettext\\": "src"
                }
            },
            "notification-url": "https://packagist.org/downloads/",
            "license": [
                "MIT"
            ],
            "authors": [
                {
                    "name": "Oscar Otero",
                    "email": "oom@oscarotero.com",
                    "homepage": "http://oscarotero.com",
                    "role": "Developer"
                }
            ],
            "description": "PHP gettext manager",
            "homepage": "https://github.com/oscarotero/Gettext",
            "keywords": [
                "JS",
                "gettext",
                "i18n",
                "mo",
                "po",
                "translation"
            ],
            "time": "2017-01-14T13:14:10+00:00"
        },
        {
            "name": "gettext/languages",
            "version": "2.2.0",
            "source": {
                "type": "git",
                "url": "https://github.com/mlocati/cldr-to-gettext-plural-rules.git",
                "reference": "bd19ab830291d9b74b23d21428233e06389ef7c2"
            },
            "dist": {
                "type": "zip",
                "url": "https://api.github.com/repos/mlocati/cldr-to-gettext-plural-rules/zipball/bd19ab830291d9b74b23d21428233e06389ef7c2",
                "reference": "bd19ab830291d9b74b23d21428233e06389ef7c2",
                "shasum": ""
            },
            "require": {
                "php": ">=5.3"
            },
            "bin": [
                "bin/export-plural-rules",
                "bin/export-plural-rules.php"
            ],
            "type": "library",
            "autoload": {
                "psr-4": {
                    "Gettext\\Languages\\": "src/"
                }
            },
            "notification-url": "https://packagist.org/downloads/",
            "license": [
                "MIT"
            ],
            "authors": [
                {
                    "name": "Michele Locati",
                    "email": "mlocati@gmail.com",
                    "role": "Developer"
                }
            ],
            "description": "gettext languages with plural rules",
            "homepage": "https://github.com/mlocati/cldr-to-gettext-plural-rules",
            "keywords": [
                "cldr",
                "i18n",
                "internationalization",
                "l10n",
                "language",
                "languages",
                "localization",
                "php",
                "plural",
                "plural rules",
                "plurals",
                "translate",
                "translations",
                "unicode"
            ],
            "time": "2017-02-06T14:30:42+00:00"
        },
        {
            "name": "sphido/events",
            "version": "v0.3.0",
            "source": {
                "type": "git",
                "url": "https://github.com/sphido/events.git",
                "reference": "b69d246ddead0896bf8d8e938280ad3743524a71"
            },
            "dist": {
                "type": "zip",
                "url": "https://api.github.com/repos/sphido/events/zipball/b69d246ddead0896bf8d8e938280ad3743524a71",
                "reference": "b69d246ddead0896bf8d8e938280ad3743524a71",
                "shasum": ""
            },
            "require": {
                "php": ">=5.5.6"
            },
            "require-dev": {
                "nette/tester": "*"
            },
            "type": "library",
            "autoload": {
                "files": [
                    "src/events.php"
                ]
            },
            "notification-url": "https://packagist.org/downloads/",
            "license": [
                "BSD-3-Clause"
            ],
            "authors": [
                {
                    "name": "Roman Ožana",
                    "email": "ozana@omdesign.cz",
                    "homepage": "http://www.omdesign.cz"
                }
            ],
            "description": "Super simple event dispatching library for PHP",
            "homepage": "http://www.sphido.org",
            "keywords": [
                "Simple",
                "event",
                "filter",
                "handle",
                "trigger"
            ],
            "time": "2016-04-29T09:52:35+00:00"
        },
        {
            "name": "symfony/polyfill-mbstring",
            "version": "v1.3.0",
            "source": {
                "type": "git",
                "url": "https://github.com/symfony/polyfill-mbstring.git",
                "reference": "e79d363049d1c2128f133a2667e4f4190904f7f4"
            },
            "dist": {
                "type": "zip",
                "url": "https://api.github.com/repos/symfony/polyfill-mbstring/zipball/e79d363049d1c2128f133a2667e4f4190904f7f4",
                "reference": "e79d363049d1c2128f133a2667e4f4190904f7f4",
                "shasum": ""
            },
            "require": {
                "php": ">=5.3.3"
            },
            "suggest": {
                "ext-mbstring": "For best performance"
            },
            "type": "library",
            "extra": {
                "branch-alias": {
                    "dev-master": "1.3-dev"
                }
            },
            "autoload": {
                "psr-4": {
                    "Symfony\\Polyfill\\Mbstring\\": ""
                },
                "files": [
                    "bootstrap.php"
                ]
            },
            "notification-url": "https://packagist.org/downloads/",
            "license": [
                "MIT"
            ],
            "authors": [
                {
                    "name": "Nicolas Grekas",
                    "email": "p@tchwork.com"
                },
                {
                    "name": "Symfony Community",
                    "homepage": "https://symfony.com/contributors"
                }
            ],
            "description": "Symfony polyfill for the Mbstring extension",
            "homepage": "https://symfony.com",
            "keywords": [
                "compatibility",
                "mbstring",
                "polyfill",
                "portable",
                "shim"
            ],
            "time": "2016-11-14T01:06:16+00:00"
        },
        {
            "name": "twig/extensions",
            "version": "v1.4.1",
            "source": {
                "type": "git",
                "url": "https://github.com/twigphp/Twig-extensions.git",
                "reference": "f0bb8431c8691f5a39f1017d9a5967a082bf01ff"
            },
            "dist": {
                "type": "zip",
                "url": "https://api.github.com/repos/twigphp/Twig-extensions/zipball/f0bb8431c8691f5a39f1017d9a5967a082bf01ff",
                "reference": "f0bb8431c8691f5a39f1017d9a5967a082bf01ff",
                "shasum": ""
            },
            "require": {
                "twig/twig": "~1.20|~2.0"
            },
            "require-dev": {
                "symfony/translation": "~2.3"
            },
            "suggest": {
                "symfony/translation": "Allow the time_diff output to be translated"
            },
            "type": "library",
            "extra": {
                "branch-alias": {
                    "dev-master": "1.4-dev"
                }
            },
            "autoload": {
                "psr-0": {
                    "Twig_Extensions_": "lib/"
                }
            },
            "notification-url": "https://packagist.org/downloads/",
            "license": [
                "MIT"
            ],
            "authors": [
                {
                    "name": "Fabien Potencier",
                    "email": "fabien@symfony.com"
                }
            ],
            "description": "Common additional features for Twig that do not directly belong in core",
            "homepage": "http://twig.sensiolabs.org/doc/extensions/index.html",
            "keywords": [
                "i18n",
                "text"
            ],
            "time": "2016-10-25T17:34:14+00:00"
        },
        {
            "name": "twig/twig",
            "version": "v2.1.0",
            "source": {
                "type": "git",
                "url": "https://github.com/twigphp/Twig.git",
                "reference": "9062992538bc5855a683c6737257bfa18d25a4b8"
            },
            "dist": {
                "type": "zip",
                "url": "https://api.github.com/repos/twigphp/Twig/zipball/9062992538bc5855a683c6737257bfa18d25a4b8",
                "reference": "9062992538bc5855a683c6737257bfa18d25a4b8",
                "shasum": ""
            },
            "require": {
                "php": "^7.0",
                "symfony/polyfill-mbstring": "~1.0"
            },
            "require-dev": {
                "symfony/debug": "~2.7",
                "symfony/phpunit-bridge": "~3.2"
            },
            "type": "library",
            "extra": {
                "branch-alias": {
                    "dev-master": "2.1-dev"
                }
            },
            "autoload": {
                "psr-0": {
                    "Twig_": "lib/"
                }
            },
            "notification-url": "https://packagist.org/downloads/",
            "license": [
                "BSD-3-Clause"
            ],
            "authors": [
                {
                    "name": "Fabien Potencier",
                    "email": "fabien@symfony.com",
                    "homepage": "http://fabien.potencier.org",
                    "role": "Lead Developer"
                },
                {
                    "name": "Armin Ronacher",
                    "email": "armin.ronacher@active-4.com",
                    "role": "Project Founder"
                },
                {
                    "name": "Twig Team",
                    "homepage": "http://twig.sensiolabs.org/contributors",
                    "role": "Contributors"
                }
            ],
            "description": "Twig, the flexible, fast, and secure template language for PHP",
            "homepage": "http://twig.sensiolabs.org",
            "keywords": [
                "templating"
            ],
            "time": "2017-01-11T19:39:01+00:00"
        },
        {
            "name": "vphantom/pyritephp",
            "version": "v1.0.0",
            "source": {
                "type": "git",
                "url": "https://github.com/vphantom/pyritephp.git",
                "reference": "b59d8868de1977d11d2a6cccce3c8fd553b7c289"
            },
            "dist": {
                "type": "zip",
                "url": "https://api.github.com/repos/vphantom/pyritephp/zipball/b59d8868de1977d11d2a6cccce3c8fd553b7c289",
                "reference": "b59d8868de1977d11d2a6cccce3c8fd553b7c289",
                "shasum": ""
            },
            "require": {
                "ext-dom": "*",
                "ext-mbstring": "*",
                "ext-mcrypt": "*",
                "ext-pdo_sqlite": "*",
                "ext-readline": "*",
                "ext-session": "*",
                "gettext/gettext": "~4.2",
                "php": ">=5.6",
                "sphido/events": "^0.3.0",
                "twig/extensions": "~1.4",
                "twig/twig": "~2.1"
            },
            "type": "library",
            "autoload": {
                "psr-4": {
                    "Pyrite\\": "src/Pyrite"
                },
                "files": [
                    "src/globals.php"
                ]
            },
            "notification-url": "https://packagist.org/downloads/",
            "license": [
                "MIT"
            ],
            "authors": [
                {
                    "name": "Stéphane Lavergne",
                    "email": "lis@imars.com"
                }
            ],
            "description": "PyritePHP",
            "time": "2017-02-25T17:14:32+00:00"
        }
    ],
    "packages-dev": [],
    "aliases": [],
    "minimum-stability": "stable",
    "stability-flags": [],
    "prefer-stable": false,
    "prefer-lowest": false,
    "platform": {
        "php": ">=5.6",
        "ext-fileinfo": "*",
        "ext-json": "*",
        "ext-mbstring": "*",
        "ext-mcrypt": "*",
        "ext-pcre": "*",
        "ext-pdo_sqlite": "*",
        "ext-readline": "*"
    },
    "platform-dev": []
}
